#MicroXplorer Configuration settings - do not modify
PB13.GPIOParameters=GPIO_Speed,PinState,GPIO_PuPd,GPIO_Label,GPIO_ModeDefaultOutputPP
RCC.USART1Freq_Value=48000000
USART2.IPParameters=VirtualMode-Asynchronous,BaudRate
VP_TIM17_VS_ClockSourceINT.Mode=Enable_Timer
SPI1.VirtualType=VM_MASTER
TIM1.IPParameters=Period,EncoderMode,IC1Polarity,IC2Polarity,CounterMode,ClockDivision,Prescaler,IC1Filter,IC2Filter,IC1Prescaler,IC2Prescaler
PA10.GPIO_PuPd=GPIO_PULLUP
RCC.PLLCLKFreq_Value=48000000
PB14.GPIO_Label=Fan
PA6.GPIO_Label=I_Fb_ADC
PB6.GPIO_Label=Bt_CV
SH.S_TIM1_CH1.ConfNb=1
PB13.Signal=GPIO_Output
Dma.USART2_TX.1.RequestParameters=Instance,Direction,PeriphInc,MemInc,PeriphDataAlignment,MemDataAlignment,Mode,Priority
PC15-OSC32_OUT.GPIO_Label=Bt_M1
PinOutPanel.RotationAngle=0
RCC.SYSCLKSource=RCC_SYSCLKSOURCE_HSI48
PA6.GPIO_Mode=GPIO_MODE_ANALOG
PB11.GPIO_Speed=GPIO_SPEED_FREQ_LOW
PA9.GPIO_ModeDefaultPP=GPIO_MODE_AF_PP
SH.GPXTI7.ConfNb=1
PC13.GPIO_Mode=GPIO_MODE_INPUT
SH.S_TIM16_CH1.ConfNb=1
PF0-OSC_IN.GPIO_PuPd=GPIO_PULLUP
SH.S_TIM14_CH1.0=TIM14_CH1,PWM Generation1 CH1
PA15.GPIO_ModeDefaultEXTI=GPIO_MODE_IT_FALLING
SPI1.Direction=SPI_DIRECTION_2LINES
TIM2.IPParameters=Channel-PWM Generation4 CH4,Period,OCMode_PWM-PWM Generation4 CH4,Pulse-PWM Generation4 CH4,Channel-PWM Generation1 CH1,OCFastMode_PWM-PWM Generation1 CH1
PB6.Signal=GPXTI6
Dma.USART2_TX.1.Mode=DMA_NORMAL
PB12.PinState=GPIO_PIN_RESET
VP_RCC_USB.Mode=CRS SYNC Source USB
SPI1.CalculateBaudRate=12.0 MBits/s
PB15.GPIO_ModeDefaultOutputPP=GPIO_MODE_OUTPUT_PP
VP_TIM2_VS_ClockSourceINT.Signal=TIM2_VS_ClockSourceINT
TIM17.IPParameters=Channel,Period,Pulse,OCFastMode_PWM
PA1.GPIO_PuPd=GPIO_NOPULL
PB13.Locked=true
ADC.SamplingTime=ADC_SAMPLETIME_41CYCLES_5
ProjectManager.ProjectBuild=false
PF0-OSC_IN.GPIO_Label=Bt_Lock
PB2.Signal=GPIO_Output
PB3.Mode=TX_Only_Simplex_Unidirect_Master
PB12.GPIO_ModeDefaultOutputPP=GPIO_MODE_OUTPUT_PP
PA4.Locked=true
TIM17.Channel=TIM_CHANNEL_1
SH.GPXTI7.0=GPIO_EXTI7
TIM15.Period=1024
PB12.GPIO_Label=RelayB
ProjectManager.FirmwarePackage=STM32Cube FW_F0 V1.9.0
MxDb.Version=DB.5.0.60
PB14.GPIO_ModeDefaultPP=GPIO_MODE_AF_PP
PB0.GPIOParameters=GPIO_PuPd,GPIO_Label,GPIO_Mode
PA1.GPIOParameters=GPIO_PuPd,GPIO_Label,GPIO_Mode
ProjectManager.BackupPrevious=false
PF0-OSC_IN.Locked=true
Dma.USART2_TX.1.Instance=DMA1_Channel4
PA5.GPIO_PuPd=GPIO_NOPULL
PB1.GPIO_Label=V_Fb_ADC
SPI1.DataSize=SPI_DATASIZE_8BIT
PA0.Mode=IN0
PA8.Signal=S_TIM1_CH1
NVIC.PendSV_IRQn=true\:0\:0\:false\:false\:true\:false\:false
PB6.Locked=true
ProjectManager.HalAssertFull=false
PB2.GPIO_PuPd=GPIO_NOPULL
PA0.Signal=ADC_IN0
RCC.PLLMCOFreq_Value=48000000
VP_RCC_USB.Signal=RCC_USB
Mcu.Package=LQFP48
PB9.Signal=S_TIM17_CH1
PB1.Signal=ADC_IN9
PB14.GPIO_PuPd=GPIO_NOPULL
PA5.Locked=true
VP_SYS_VS_Systick.Signal=SYS_VS_Systick
PA10.Signal=GPIO_Input
PB9.GPIO_PuPd=GPIO_NOPULL
PA5.GPIOParameters=GPIO_ModeDefaultPP,GPIO_Speed,GPIO_PuPd,GPIO_Label
PB14.GPIOParameters=GPIO_ModeDefaultPP,GPIO_Speed,GPIO_PuPd,GPIO_Label
RCC.CECFreq_Value=32786.88524590164
RCC.APB1TimFreq_Value=48000000
TIM1.Period=65535
VP_TIM14_VS_ClockSourceINT.Mode=Enable_Timer
PC15-OSC32_OUT.GPIOParameters=GPIO_PuPd,GPIO_Label
SH.S_TIM2_CH4.ConfNb=1
TIM14.IPParameters=Channel,Period,OCFastMode_PWM
TIM2.OCMode_PWM-PWM\ Generation4\ CH4=TIM_OCMODE_PWM1
PB2.GPIO_ModeDefaultOutputPP=GPIO_MODE_OUTPUT_PP
PA4.GPIO_Label=I_Set
PA8.GPIO_Speed=GPIO_SPEED_FREQ_LOW
ProjectManager.CustomerFirmwarePackage=
NVIC.EXTI4_15_IRQn=true\:0\:0\:false\:false\:true\:true\:true
TIM17.OCFastMode_PWM=TIM_OCFAST_ENABLE
TIM15.Channel-PWM\ Generation1\ CH1=TIM_CHANNEL_1
PA6.GPIOParameters=GPIO_PuPd,GPIO_Label,GPIO_Mode
PB7.GPIO_PuPd=GPIO_PULLUP
TIM1.IC1Prescaler=TIM_ICPSC_DIV1
ProjectManager.ProjectFileName=LPS3005_fv0_1.ioc
PA15.GPIOParameters=GPIO_PuPd,GPIO_Label,GPIO_ModeDefaultEXTI
Mcu.PinsNb=43
PA1.GPIO_Mode=GPIO_MODE_ANALOG
TIM17.Pulse=128
VP_ADC_TempSens_Input.Mode=IN-TempSens
PC13.Locked=true
TIM1.CounterMode=TIM_COUNTERMODE_UP
PC13.Signal=GPIO_Input
PA9.GPIO_Label=Rt_A
PB6.GPIO_PuPd=GPIO_PULLUP
PB8.GPIO_PuPd=GPIO_NOPULL
PB11.GPIO_Label=Buzzer
PA0.GPIO_Mode=GPIO_MODE_ANALOG
SH.S_TIM16_CH1.0=TIM16_CH1,PWM Generation1 CH1
VP_TIM16_VS_ClockSourceINT.Mode=Enable_Timer
ADC.IPParameters=ContinuousConvMode,EOCSelection,DMAContinuousRequests,SamplingTime,ClockPrescaler,Overrun
PB14.Locked=true
PC14-OSC32_IN.Signal=GPIO_Input
ADC.ClockPrescaler=ADC_CLOCK_ASYNC_DIV1
VP_TIM17_VS_ClockSourceINT.Signal=TIM17_VS_ClockSourceINT
USART2.BaudRate=115200
SH.S_TIM2_CH1_ETR.ConfNb=1
PB11.GPIO_ModeDefaultPP=GPIO_MODE_AF_PP
PA3.Mode=Asynchronous
SH.GPXTI6.ConfNb=1
PB8.GPIO_Label=DIM_LEDs
PA15.Locked=true
PA8.GPIO_Label=Rt_B
PC15-OSC32_OUT.Locked=true
PB14.GPIO_Speed=GPIO_SPEED_FREQ_LOW
PB1.GPIO_Mode=GPIO_MODE_ANALOG
PA9.Signal=S_TIM1_CH2
PB13.GPIO_Speed=GPIO_SPEED_FREQ_LOW
PB11.GPIOParameters=GPIO_ModeDefaultPP,GPIO_Speed,GPIO_PuPd,GPIO_Label
PB9.Locked=true
RCC.PLLDivider=RCC_PREDIV_DIV2
PB4.GPIO_PuPd=GPIO_NOPULL
PB14.Signal=S_TIM15_CH1
PA5.Signal=S_TIM2_CH1_ETR
Mcu.Pin40=VP_TIM16_VS_ClockSourceINT
Mcu.Pin41=VP_TIM17_VS_ClockSourceINT
PB9.GPIO_ModeDefaultPP=GPIO_MODE_AF_PP
Mcu.Pin42=VP_USB_DEVICE_VS_USB_DEVICE_CDC_FS
PA8.GPIO_ModeDefaultPP=GPIO_MODE_AF_PP
ProjectManager.LastFirmware=true
SH.S_TIM15_CH1.0=TIM15_CH1,PWM Generation1 CH1
SH.S_TIM15_CH1.ConfNb=1
PB13.GPIO_PuPd=GPIO_NOPULL
PA1.Mode=IN1
PB13.PinState=GPIO_PIN_RESET
TIM14.Channel=TIM_CHANNEL_1
PB4.GPIO_Label=DIM_Digits2
Mcu.Pin37=VP_SYS_VS_Systick
Mcu.Pin38=VP_TIM2_VS_ClockSourceINT
Mcu.Pin35=VP_ADC_TempSens_Input
PB15.GPIO_Label=Refresh
Mcu.Pin36=VP_RCC_USB
SPI1.Mode=SPI_MODE_MASTER
PF0-OSC_IN.GPIO_Mode=GPIO_MODE_INPUT
PA4.GPIO_ModeDefaultPP=GPIO_MODE_AF_PP
Mcu.Pin39=VP_TIM14_VS_ClockSourceINT
Mcu.Pin30=PB5
PA1.GPIO_Label=V_Fb2_ADC
TIM1.IC2Filter=15
Mcu.Pin33=PB8
TIM3.IPParameters=Channel-PWM Generation1 CH1
Mcu.Pin34=PB9
Mcu.Pin31=PB6
Mcu.Pin32=PB7
PC15-OSC32_OUT.GPIO_PuPd=GPIO_PULLUP
VP_TIM16_VS_ClockSourceINT.Signal=TIM16_VS_ClockSourceINT
ADC.EOCSelection=ADC_EOC_SEQ_CONV
NVIC.NonMaskableInt_IRQn=true\:0\:0\:false\:false\:true\:false\:false
TIM2.Period=0xFFFFF
PA13.Mode=Serial_Wire
ProjectManager.FreePins=false
Mcu.Pin26=PA14
Mcu.Pin27=PA15
SPI1.NSSPMode=SPI_NSS_PULSE_DISABLE
Mcu.Pin24=PA12
ProjectManager.UnderRoot=true
Mcu.Pin25=PA13
RCC.HSICECFreq_Value=32786.88524590164
ADC.Overrun=ADC_OVR_DATA_OVERWRITTEN
Mcu.Pin28=PB3
Mcu.Pin29=PB4
PB4.Locked=true
PA4.Signal=S_TIM14_CH1
Mcu.Pin22=PA10
PB5.Signal=SPI1_MOSI
Mcu.Pin23=PA11
RCC.TimSysFreq_Value=48000000
Mcu.Pin20=PA8
Mcu.Pin21=PA9
VP_ADC_TempSens_Input.Signal=ADC_TempSens_Input
PA5.GPIO_Label=V_Set
PA10.Locked=true
TIM1.IC1Filter=15
NVIC.ForceEnableDMAVector=true
TIM1.IC1Polarity=TIM_ICPOLARITY_RISING
ProjectManager.CompilerOptimize=6
PA11.Signal=USB_DM
SH.S_TIM2_CH1_ETR.0=TIM2_CH1,PWM Generation1 CH1
ProjectManager.HeapSize=0x200
PA0.GPIOParameters=GPIO_PuPd,GPIO_Label,GPIO_Mode
Mcu.Pin15=PB11
NVIC.HardFault_IRQn=true\:0\:0\:false\:false\:true\:false\:false
PB1.Mode=IN9
Mcu.Pin16=PB12
Mcu.Pin13=PB1
Mcu.Pin14=PB2
Mcu.Pin19=PB15
SH.GPXTI15.ConfNb=1
SH.S_TIM3_CH1.ConfNb=1
ProjectManager.ComputerToolchain=false
Mcu.Pin17=PB13
Mcu.Pin18=PB14
SH.S_TIM17_CH1.0=TIM17_CH1,PWM Generation1 CH1
Mcu.Pin11=PA7
Mcu.Pin12=PB0
Mcu.Pin10=PA6
TIM2.Pulse-PWM\ Generation4\ CH4=32768
PC14-OSC32_IN.GPIO_PuPd=GPIO_PULLUP
NVIC.DMA1_Channel1_IRQn=true\:0\:0\:false\:false\:true\:false\:true
PF0-OSC_IN.Signal=GPIO_Input
Dma.USART2_TX.1.MemDataAlignment=DMA_MDATAALIGN_BYTE
PF0-OSC_IN.GPIOParameters=GPIO_PuPd,GPIO_Label,GPIO_Mode
PB12.GPIO_PuPd=GPIO_NOPULL
PB0.Signal=ADC_IN8
ADC.ContinuousConvMode=ENABLE
PA7.GPIOParameters=GPIO_PuPd,GPIO_Label,GPIO_Mode
PB12.GPIOParameters=GPIO_Speed,PinState,GPIO_PuPd,GPIO_Label,GPIO_ModeDefaultOutputPP
Mcu.Family=STM32F0
ProjectManager.MainLocation=Src
RCC.MCOFreq_Value=48000000
PA6.Mode=IN6
USB_DEVICE.CLASS_NAME_FS=CDC
TIM2.OCFastMode_PWM-PWM\ Generation1\ CH1=TIM_OCFAST_ENABLE
ProjectManager.KeepUserCode=true
Dma.ADC.0.Mode=DMA_CIRCULAR
Mcu.UserName=STM32F072CBTx
NVIC.USB_IRQn=true\:0\:0\:false\:false\:true\:false\:true
Dma.USART2_TX.1.MemInc=DMA_MINC_ENABLE
PB2.GPIO_Speed=GPIO_SPEED_FREQ_LOW
PA7.GPIO_Mode=GPIO_MODE_ANALOG
PB6.GPIO_ModeDefaultEXTI=GPIO_MODE_IT_FALLING
SH.S_TIM17_CH1.ConfNb=1
PA0.GPIO_Label=Temp_ADC
ProjectManager.functionlistsort=1-MX_GPIO_Init-GPIO-false-HAL-true,2-MX_DMA_Init-DMA-false-HAL-true,3-MX_ADC_Init-ADC-false-HAL-true,4-MX_SPI1_Init-SPI1-false-HAL-true,5-MX_TIM1_Init-TIM1-false-HAL-true,6-MX_TIM2_Init-TIM2-false-HAL-true,7-MX_TIM3_Init-TIM3-false-HAL-true,8-MX_TIM14_Init-TIM14-false-HAL-true,9-MX_TIM16_Init-TIM16-false-HAL-true,10-MX_TIM17_Init-TIM17-false-HAL-true,11-MX_USB_DEVICE_Init-USB_DEVICE-false-HAL-false,12-MX_TIM15_Init-TIM15-false-HAL-true,13-MX_USART2_UART_Init-USART2-false-HAL-true,14-SystemClock_Config-RCC-false-HAL-false
PA9.GPIOParameters=GPIO_ModeDefaultPP,GPIO_Speed,GPIO_PuPd,GPIO_Label
Dma.ADC.0.Priority=DMA_PRIORITY_LOW
TIM1.EncoderMode=TIM_ENCODERMODE_TI12
PA11.Mode=Device
PB0.GPIO_Label=V_Set_ADC
RCC.USART2Freq_Value=48000000
NVIC.SVC_IRQn=true\:0\:0\:false\:false\:true\:false\:false
PB11.GPIO_PuPd=GPIO_NOPULL
PC13.GPIO_Label=Bt_M3
PB13.GPIO_Label=RelayA
PB7.GPIO_ModeDefaultEXTI=GPIO_MODE_IT_FALLING
PB11.Signal=S_TIM2_CH4
PB15.Signal=GPIO_Output
PB15.PinState=GPIO_PIN_RESET
ProjectManager.StackSize=0x400
Mcu.IP4=SPI1
RCC.FCLKCortexFreq_Value=48000000
Mcu.IP5=SYS
Mcu.IP2=NVIC
Mcu.IP3=RCC
PA15.GPIO_Label=Bt_CC
PB4.GPIOParameters=GPIO_ModeDefaultPP,GPIO_Speed,GPIO_PuPd,GPIO_Label
Mcu.IP0=ADC
Mcu.IP1=DMA
PA12.Signal=USB_DP
TIM1.Prescaler=1
Mcu.UserConstants=
Mcu.ThirdPartyNb=0
Dma.ADC.0.PeriphInc=DMA_PINC_DISABLE
PB1.GPIO_PuPd=GPIO_NOPULL
RCC.HCLKFreq_Value=48000000
Mcu.IPNb=16
ProjectManager.PreviousToolchain=SW4STM32
PB13.GPIO_ModeDefaultOutputPP=GPIO_MODE_OUTPUT_PP
PA8.GPIOParameters=GPIO_ModeDefaultPP,GPIO_Speed,GPIO_PuPd,GPIO_Label
Mcu.Pin6=PA2
Mcu.Pin7=PA3
Mcu.Pin8=PA4
Mcu.Pin9=PA5
RCC.AHBFreq_Value=48000000
Mcu.Pin0=PC13
Mcu.Pin1=PC14-OSC32_IN
Dma.ADC.0.Direction=DMA_PERIPH_TO_MEMORY
TIM3.Channel-PWM\ Generation1\ CH1=TIM_CHANNEL_1
GPIO.groupedBy=Group By Peripherals
Mcu.Pin2=PC15-OSC32_OUT
Mcu.Pin3=PF0-OSC_IN
Mcu.Pin4=PA0
Mcu.Pin5=PA1
PB8.GPIO_ModeDefaultPP=GPIO_MODE_AF_PP
PA4.GPIO_PuPd=GPIO_NOPULL
Mcu.IP10=TIM15
USART2.VirtualMode-Asynchronous=VM_ASYNC
TIM14.Period=65535
NVIC.SysTick_IRQn=true\:0\:0\:false\:false\:true\:false\:true
Mcu.IP12=TIM17
Mcu.IP11=TIM16
PA4.GPIO_Speed=GPIO_SPEED_FREQ_HIGH
TIM17.Period=1024
TIM1.IC2Polarity=TIM_ICPOLARITY_FALLING
PA6.GPIO_PuPd=GPIO_NOPULL
Mcu.IP14=USB
Mcu.IP13=USART2
Mcu.IP15=USB_DEVICE
PA14.Mode=Serial_Wire
PB5.Mode=TX_Only_Simplex_Unidirect_Master
File.Version=6
PA10.GPIO_Label=Rt_Sw
PC13.GPIO_PuPd=GPIO_PULLUP
PC14-OSC32_IN.GPIO_Mode=GPIO_MODE_INPUT
PB7.Signal=GPXTI7
PB8.Locked=true
TIM2.Channel-PWM\ Generation1\ CH1=TIM_CHANNEL_1
SPI1.FirstBit=SPI_FIRSTBIT_MSB
TIM14.OCFastMode_PWM=TIM_OCFAST_ENABLE
SH.S_TIM3_CH1.0=TIM3_CH1,PWM Generation1 CH1
Dma.RequestsNb=2
PB6.GPIOParameters=GPIO_PuPd,GPIO_Label,GPIO_ModeDefaultEXTI
PC14-OSC32_IN.GPIOParameters=GPIO_PuPd,GPIO_Label,GPIO_Mode
ProjectManager.ProjectName=LPS3005_fv0_1
Dma.ADC.0.MemInc=DMA_MINC_ENABLE
PB7.GPIO_Label=Bt_OutputOn
PA6.Signal=ADC_IN6
PB0.GPIO_Mode=GPIO_MODE_ANALOG
PB15.GPIO_PuPd=GPIO_NOPULL
PA0.GPIO_PuPd=GPIO_NOPULL
ProjectManager.ToolChainLocation=
Dma.ADC.0.Instance=DMA1_Channel1
PA15.Signal=GPXTI15
VP_USB_DEVICE_VS_USB_DEVICE_CDC_FS.Signal=USB_DEVICE_VS_USB_DEVICE_CDC_FS
Dma.ADC.0.MemDataAlignment=DMA_MDATAALIGN_HALFWORD
PB9.GPIO_Speed=GPIO_SPEED_FREQ_LOW
Dma.Request1=USART2_TX
TIM1.IC2Prescaler=TIM_ICPSC_DIV1
PC14-OSC32_IN.GPIO_Label=Bt_M2
Dma.Request0=ADC
SPI1.BaudRatePrescaler=SPI_BAUDRATEPRESCALER_4
PB9.GPIO_FM9=__NULL
PC14-OSC32_IN.Locked=true
PB15.Locked=true
PB4.Signal=S_TIM3_CH1
PA3.Signal=USART2_RX
RCC.PLLSourceVirtual=RCC_PLLSOURCE_HSI48
RCC.I2SFreq_Value=48000000
Dma.USART2_TX.1.Priority=DMA_PRIORITY_LOW
TIM2.Channel-PWM\ Generation4\ CH4=TIM_CHANNEL_4
PB8.GPIOParameters=GPIO_ModeDefaultPP,GPIO_Speed,GPIO_PuPd,GPIO_Label,GPIO_FM8
PA7.Mode=IN7
PB9.GPIO_Label=DIM_Digits
VP_TIM14_VS_ClockSourceINT.Signal=TIM14_VS_ClockSourceINT
ProjectManager.NoMain=false
SPI1.IPParameters=VirtualType,Mode,Direction,CalculateBaudRate,BaudRatePrescaler,DataSize,NSSPMode,FirstBit
USB_DEVICE.VirtualModeFS=Cdc_FS
PB8.GPIO_FM8=__NULL
ProjectManager.DefaultFWLocation=true
PB12.Locked=true
ProjectManager.DeletePrevious=true
USB_DEVICE.IPParameters=VirtualMode,VirtualModeFS,CLASS_NAME_FS
PA9.GPIO_PuPd=GPIO_PULLUP
Dma.USART2_TX.1.PeriphDataAlignment=DMA_PDATAALIGN_BYTE
NVIC.USART2_IRQn=true\:0\:0\:false\:false\:true\:true\:true
TIM16.Channel=TIM_CHANNEL_1
RCC.FamilyName=M
TIM1.ClockDivision=TIM_CLOCKDIVISION_DIV2
Dma.ADC.0.PeriphDataAlignment=DMA_PDATAALIGN_HALFWORD
PA10.GPIO_Mode=GPIO_MODE_INPUT
PB9.GPIOParameters=GPIO_ModeDefaultPP,GPIO_Speed,GPIO_PuPd,GPIO_Label,GPIO_FM9
SH.GPXTI6.0=GPIO_EXTI6
PA13.Signal=SYS_SWDIO
SH.S_TIM1_CH1.0=TIM1_CH1,Encoder_Interface
ProjectManager.TargetToolchain=SW4STM32
PA5.GPIO_ModeDefaultPP=GPIO_MODE_AF_PP
PB7.GPIOParameters=GPIO_PuPd,GPIO_Label,GPIO_ModeDefaultEXTI
VP_USB_DEVICE_VS_USB_DEVICE_CDC_FS.Mode=CDC_FS
PB2.GPIOParameters=GPIO_Speed,PinState,GPIO_PuPd,GPIO_Label,GPIO_ModeDefaultOutputPP
RCC.USBFreq_Value=48000000
SH.S_TIM14_CH1.ConfNb=1
TIM15.IPParameters=Channel-PWM Generation1 CH1,Period
PC15-OSC32_OUT.Signal=GPIO_Input
PA1.Signal=ADC_IN1
PA7.GPIO_PuPd=GPIO_NOPULL
PB12.GPIO_Speed=GPIO_SPEED_FREQ_LOW
SH.S_TIM1_CH2.ConfNb=1
ADC.DMAContinuousRequests=ENABLE
PB4.GPIO_ModeDefaultPP=GPIO_MODE_AF_PP
PB0.Mode=IN8
Dma.USART2_TX.1.PeriphInc=DMA_PINC_DISABLE
board=custom
RCC.VCOOutput2Freq_Value=24000000
Dma.ADC.0.RequestParameters=Instance,Direction,PeriphInc,MemInc,PeriphDataAlignment,MemDataAlignment,Mode,Priority
Dma.USART2_TX.1.Direction=DMA_MEMORY_TO_PERIPH
PB4.GPIO_Speed=GPIO_SPEED_FREQ_LOW
TIM16.Period=1024
MxCube.Version=5.6.1
NVIC.DMA1_Channel4_5_6_7_IRQn=true\:0\:0\:false\:false\:true\:false\:true
SH.S_TIM1_CH2.0=TIM1_CH2,Encoder_Interface
VP_TIM2_VS_ClockSourceINT.Mode=Internal
PC13.GPIOParameters=GPIO_PuPd,GPIO_Label,GPIO_Mode
PB15.GPIO_Speed=GPIO_SPEED_FREQ_HIGH
VP_SYS_VS_Systick.Mode=SysTick
PA10.GPIOParameters=GPIO_PuPd,GPIO_Label,GPIO_Mode
PA4.GPIOParameters=GPIO_ModeDefaultPP,GPIO_Speed,GPIO_PuPd,GPIO_Label
PB15.GPIOParameters=GPIO_Speed,PinState,GPIO_PuPd,GPIO_Label,GPIO_ModeDefaultOutputPP
RCC.IPParameters=AHBFreq_Value,APB1Freq_Value,APB1TimFreq_Value,CECFreq_Value,FCLKCortexFreq_Value,FamilyName,HCLKFreq_Value,HSICECFreq_Value,I2SFreq_Value,MCOFreq_Value,PLLCLKFreq_Value,PLLDivider,PLLMCOFreq_Value,PLLSourceVirtual,SYSCLKFreq_VALUE,SYSCLKSource,TimSysFreq_Value,USART1Freq_Value,USART2Freq_Value,USBFreq_Value,VCOOutput2Freq_Value
ProjectManager.AskForMigrate=true
Mcu.Name=STM32F072C(8-B)Tx
PB2.PinState=GPIO_PIN_RESET
PA2.Signal=USART2_TX
PB2.Locked=true
Mcu.IP8=TIM3
Mcu.IP9=TIM14
Mcu.IP6=TIM1
Mcu.IP7=TIM2
ProjectManager.CoupleFile=false
PB3.Signal=SPI1_SCK
RCC.SYSCLKFreq_VALUE=48000000
PA7.GPIO_Label=I_Set_ADC
PA1.Locked=true
PA12.Mode=Device
KeepUserPlacement=false
PA14.Signal=SYS_SWCLK
PB2.GPIO_Label=RelayOut
SH.S_TIM2_CH4.0=TIM2_CH4,PWM Generation4 CH4
PA8.GPIO_PuPd=GPIO_PULLUP
PA5.GPIO_Speed=GPIO_SPEED_FREQ_HIGH
SH.GPXTI15.0=GPIO_EXTI15
PA15.GPIO_PuPd=GPIO_PULLUP
PB7.Locked=true
PA2.Mode=Asynchronous
PA9.GPIO_Speed=GPIO_SPEED_FREQ_LOW
PB8.Signal=S_TIM16_CH1
TIM16.IPParameters=Channel,Period
RCC.APB1Freq_Value=48000000
PB8.GPIO_Speed=GPIO_SPEED_FREQ_LOW
USB_DEVICE.VirtualMode=Cdc
NVIC.ADC1_COMP_IRQn=true\:0\:0\:false\:false\:true\:true\:true
PB11.Locked=true
ProjectManager.DeviceId=STM32F072CBTx
PB12.Signal=GPIO_Output
ProjectManager.LibraryCopy=1
PB0.GPIO_PuPd=GPIO_NOPULL
PB1.GPIOParameters=GPIO_PuPd,GPIO_Label,GPIO_Mode
PA7.Signal=ADC_IN7
